
Microsoft Visual Studio Solution File, Format Version 12.00
# Visual Studio 14
VisualStudioVersion = 14.0.25420.1
MinimumVisualStudioVersion = 10.0.40219.1
Project("{FAE04EC0-301F-11D3-BF4B-00C04F79EFBC}") = "OestsServer", "OestsServer\OestsServer.csproj", "{39D170FB-3756-4AA2-8D12-BEEA860F8CA0}"
EndProject
Project("{FAE04EC0-301F-11D3-BF4B-00C04F79EFBC}") = "OestsCommon", "OestsCommon\OestsCommon.csproj", "{ADE91C70-8978-42B2-B232-624126424413}"
EndProject
Global
	GlobalSection(SolutionConfigurationPlatforms) = preSolution
		Debug|Any CPU = Debug|Any CPU
		Release|Any CPU = Release|Any CPU
	EndGlobalSection
	GlobalSection(ProjectConfigurationPlatforms) = postSolution
		{39D170FB-3756-4AA2-8D12-BEEA860F8CA0}.Debug|Any CPU.ActiveCfg = Debug|Any CPU
		{39D170FB-3756-4AA2-8D12-BEEA860F8CA0}.Debug|Any CPU.Build.0 = Debug|Any CPU
		{39D170FB-3756-4AA2-8D12-BEEA860F8CA0}.Release|Any CPU.ActiveCfg = Release|Any CPU
		{39D170FB-3756-4AA2-8D12-BEEA860F8CA0}.Release|Any CPU.Build.0 = Release|Any CPU
		{ADE91C70-8978-42B2-B232-624126424413}.Debug|Any CPU.ActiveCfg = Debug|Any CPU
		{ADE91C70-8978-42B2-B232-624126424413}.Debug|Any CPU.Build.0 = Debug|Any CPU
		{ADE91C70-8978-42B2-B232-624126424413}.Release|Any CPU.ActiveCfg = Release|Any CPU
		{ADE91C70-8978-42B2-B232-624126424413}.Release|Any CPU.Build.0 = Release|Any CPU
	EndGlobalSection
	GlobalSection(SolutionProperties) = preSolution
		HideSolutionNode = FALSE
	EndGlobalSection
EndGlobal
